
Microsoft Visual Studio Solution File, Format Version 12.00
# Visual Studio Version 17
VisualStudioVersion = 17.6.33815.320
MinimumVisualStudioVersion = 10.0.40219.1
Project("{FAE04EC0-301F-11D3-BF4B-00C04F79EFBC}") = "DataStructuresLibrary", "DataStructuresLibrary\DataStructuresLibrary.csproj", "{CBAEB2E7-0325-4268-87CF-B17D0F420613}"
EndProject
Global
	GlobalSection(SolutionConfigurationPlatforms) = preSolution
		Debug|Any CPU = Debug|Any CPU
		Release|Any CPU = Release|Any CPU
	EndGlobalSection
	GlobalSection(ProjectConfigurationPlatforms) = postSolution
		{CBAEB2E7-0325-4268-87CF-B17D0F420613}.Debug|Any CPU.ActiveCfg = Debug|Any CPU
		{CBAEB2E7-0325-4268-87CF-B17D0F420613}.Debug|Any CPU.Build.0 = Debug|Any CPU
		{CBAEB2E7-0325-4268-87CF-B17D0F420613}.Release|Any CPU.ActiveCfg = Release|Any CPU
		{CBAEB2E7-0325-4268-87CF-B17D0F420613}.Release|Any CPU.Build.0 = Release|Any CPU
	EndGlobalSection
	GlobalSection(SolutionProperties) = preSolution
		HideSolutionNode = FALSE
	EndGlobalSection
	GlobalSection(ExtensibilityGlobals) = postSolution
		SolutionGuid = {768B7FA3-19CE-4A20-B983-FE1097F9AD3A}
	EndGlobalSection
EndGlobal
